<?xml version="1.0" encoding="utf-8"?>
<Project ToolsVersion="4.0" xmlns="http://schemas.microsoft.com/developer/msbuild/2003">
  <ItemGroup>
    <Filter Include="Source Files">
      <UniqueIdentifier>{4FC737F1-C7A5-4376-A066-2A32D752A2FF}</UniqueIdentifier>
      <Extensions>cpp;c;cc;cxx;def;odl;idl;hpj;bat;asm;asmx</Extensions>
    </Filter>
    <Filter Include="Header Files">
      <UniqueIdentifier>{93995380-89BD-4b04-88EB-625FBE52EBFB}</UniqueIdentifier>
      <Extensions>h;hpp;hxx;hm;inl;inc;xsd</Extensions>
    </Filter>
    <Filter Include="Resource Files">
      <UniqueIdentifier>{67DA6AB6-F800-4c08-8B7A-83BB121AAD01}</UniqueIdentifier>
      <Extensions>rc;ico;cur;bmp;dlg;rc2;rct;bin;rgs;gif;jpg;jpeg;jpe;resx;tiff;tif;png;wav;mfcribbon-ms</Extensions>
    </Filter>
  </ItemGroup>
  <ItemGroup>
    <ClCompile Include="EntryPoint.cpp">
      <Filter>Source Files</Filter>
    </ClCompile>
    <ClCompile Include="GameCore.cpp">
      <Filter>Source Files</Filter>
    </ClCompile>
    <ClCompile Include="CORE\CORE.Hardware.3D.cpp">
      <Filter>Source Files</Filter>
    </ClCompile>
    <ClCompile Include="CORE\CORE.Hardware.Drawing.3D.cpp">
      <Filter>Source Files</Filter>
    </ClCompile>
    <ClCompile Include="CORE\CORE.Hardware.3D.Texture.cpp">
      <Filter>Source Files</Filter>
    </ClCompile>
    <ClCompile Include="CORE\CORE.Drawing.cpp">
      <Filter>Source Files</Filter>
    </ClCompile>
    <ClCompile Include="ThreeDee\Cameras\RayCamera.cpp">
      <Filter>Source Files</Filter>
    </ClCompile>
    <ClCompile Include="ThreeDee\Objects\GenericObject.cpp">
      <Filter>Source Files</Filter>
    </ClCompile>
    <ClCompile Include="ThreeDee\Objects\SphereObject.cpp">
      <Filter>Source Files</Filter>
    </ClCompile>
    <ClCompile Include="ThreeDee\RayTracer\Tracers\RayTracer.cpp">
      <Filter>Source Files</Filter>
    </ClCompile>
    <ClCompile Include="ThreeDee\World\World.cpp">
      <Filter>Source Files</Filter>
    </ClCompile>
    <ClCompile Include="Scenes\3DScene.cpp">
      <Filter>Source Files</Filter>
    </ClCompile>
    <ClCompile Include="Scenes\Scene.cpp">
      <Filter>Source Files</Filter>
    </ClCompile>
    <ClCompile Include="Scenes\SphereScene.cpp">
      <Filter>Source Files</Filter>
    </ClCompile>
    <ClCompile Include="ThreeDee\RayTracer\Misc\Ray.cpp">
      <Filter>Source Files</Filter>
    </ClCompile>
    <ClCompile Include="ThreeDee\Components\Matrix.cpp">
      <Filter>Source Files</Filter>
    </ClCompile>
    <ClCompile Include="ThreeDee\Components\Vertex.cpp">
      <Filter>Source Files</Filter>
    </ClCompile>
    <ClCompile Include="ThreeDee\Lights\Light.cpp">
      <Filter>Source Files</Filter>
    </ClCompile>
    <ClCompile Include="ThreeDee\Components\Color.cpp">
      <Filter>Source Files</Filter>
    </ClCompile>
    <ClCompile Include="ThreeDee\RayTracer\Tracers\DepthTracer.cpp">
      <Filter>Source Files</Filter>
    </ClCompile>
  </ItemGroup>
  <ItemGroup>
    <ClInclude Include="GameCore.h">
      <Filter>Source Files</Filter>
    </ClInclude>
    <ClInclude Include="CORE\CORE.Hardware.3D.h">
      <Filter>Header Files</Filter>
    </ClInclude>
    <ClInclude Include="CORE\CORE.Hardware.Drawing.3D.h">
      <Filter>Header Files</Filter>
    </ClInclude>
    <ClInclude Include="CORE\CORE.Hardware.3D.Texture.h">
      <Filter>Header Files</Filter>
    </ClInclude>
    <ClInclude Include="GAMEOBJECTS\GameObject.h">
      <Filter>Header Files</Filter>
    </ClInclude>
    <ClInclude Include="CORE\CORE.Drawing.h">
      <Filter>Header Files</Filter>
    </ClInclude>
    <ClInclude Include="ThreeDee\Cameras\RayCamera.h">
      <Filter>Header Files</Filter>
    </ClInclude>
    <ClInclude Include="ThreeDee\Components\Constants.h">
      <Filter>Header Files</Filter>
    </ClInclude>
    <ClInclude Include="ThreeDee\Objects\GenericObject.h">
      <Filter>Header Files</Filter>
    </ClInclude>
    <ClInclude Include="ThreeDee\Objects\SphereObject.h">
      <Filter>Header Files</Filter>
    </ClInclude>
    <ClInclude Include="ThreeDee\RayTracer\Tracers\RayTracer.h">
      <Filter>Header Files</Filter>
    </ClInclude>
    <ClInclude Include="ThreeDee\World\World.h">
      <Filter>Header Files</Filter>
    </ClInclude>
    <ClInclude Include="Scenes\3DScene.h">
      <Filter>Header Files</Filter>
    </ClInclude>
    <ClInclude Include="Scenes\Scene.h">
      <Filter>Header Files</Filter>
    </ClInclude>
    <ClInclude Include="Scenes\SphereScene.h">
      <Filter>Header Files</Filter>
    </ClInclude>
    <ClInclude Include="ThreeDee\RayTracer\Misc\Ray.h">
      <Filter>Header Files</Filter>
    </ClInclude>
    <ClInclude Include="ThreeDee\Components\Matrix.h">
      <Filter>Header Files</Filter>
    </ClInclude>
    <ClInclude Include="ThreeDee\Components\Vertex.h">
      <Filter>Header Files</Filter>
    </ClInclude>
    <ClInclude Include="ThreeDee\Components\Mesh.h">
      <Filter>Header Files</Filter>
    </ClInclude>
    <ClInclude Include="ThreeDee\Lights\Light.h">
      <Filter>Header Files</Filter>
    </ClInclude>
    <ClInclude Include="ThreeDee\Components\Color.h">
      <Filter>Header Files</Filter>
    </ClInclude>
    <ClInclude Include="ThreeDee\RayTracer\Misc\HitInfo.h">
      <Filter>Header Files</Filter>
    </ClInclude>
    <ClInclude Include="ThreeDee\Materials\Lambert.h">
      <Filter>Header Files</Filter>
    </ClInclude>
    <ClInclude Include="ThreeDee\Materials\Material.h">
      <Filter>Header Files</Filter>
    </ClInclude>
    <ClInclude Include="ThreeDee\RayTracer\Tracers\DepthTracer.h">
      <Filter>Header Files</Filter>
    </ClInclude>
  </ItemGroup>
</Project>