<?xml version="1.0" encoding="utf-8"?>
<Project ToolsVersion="4.0" xmlns="http://schemas.microsoft.com/developer/msbuild/2003">
  <ItemGroup>
    <Filter Include="Source Files">
      <UniqueIdentifier>{4FC737F1-C7A5-4376-A066-2A32D752A2FF}</UniqueIdentifier>
      <Extensions>cpp;c;cc;cxx;def;odl;idl;hpj;bat;asm;asmx</Extensions>
    </Filter>
    <Filter Include="Header Files">
      <UniqueIdentifier>{93995380-89BD-4b04-88EB-625FBE52EBFB}</UniqueIdentifier>
      <Extensions>h;hpp;hxx;hm;inl;inc;xsd</Extensions>
    </Filter>
    <Filter Include="Resource Files">
      <UniqueIdentifier>{67DA6AB6-F800-4c08-8B7A-83BB121AAD01}</UniqueIdentifier>
      <Extensions>rc;ico;cur;bmp;dlg;rc2;rct;bin;rgs;gif;jpg;jpeg;jpe;resx;tiff;tif;png;wav;mfcribbon-ms</Extensions>
    </Filter>
  </ItemGroup>
  <ItemGroup>
    <ClCompile Include="EntryPoint.cpp">
      <Filter>Source Files</Filter>
    </ClCompile>
    <ClCompile Include="GameCore.cpp">
      <Filter>Source Files</Filter>
    </ClCompile>
    <ClCompile Include="CORE\CORE.Hardware.3D.cpp">
      <Filter>Source Files</Filter>
    </ClCompile>
    <ClCompile Include="CORE\CORE.Hardware.Drawing.3D.cpp">
      <Filter>Source Files</Filter>
    </ClCompile>
    <ClCompile Include="CORE\CORE.Hardware.3D.Texture.cpp">
      <Filter>Source Files</Filter>
    </ClCompile>
    <ClCompile Include="CORE\CORE.Drawing.cpp">
      <Filter>Source Files</Filter>
    </ClCompile>
    <ClCompile Include="CORE\CORE.Animation.cpp">
      <Filter>Source Files</Filter>
    </ClCompile>
    <ClCompile Include="CORE\CORE.Collection.cpp">
      <Filter>Source Files</Filter>
    </ClCompile>
    <ClCompile Include="CORE\CORE.Collision.cpp">
      <Filter>Source Files</Filter>
    </ClCompile>
    <ClCompile Include="CORE\CORE.Controller.cpp">
      <Filter>Source Files</Filter>
    </ClCompile>
    <ClCompile Include="CORE\CORE.Math.cpp">
      <Filter>Source Files</Filter>
    </ClCompile>
    <ClCompile Include="CORE\3D\CORE.Drawing.Primitives.cpp">
      <Filter>Source Files</Filter>
    </ClCompile>
    <ClCompile Include="CORE\3D\CORE.Matrix.cpp">
      <Filter>Source Files</Filter>
    </ClCompile>
    <ClCompile Include="CORE\3D\CORE.Quaternion.cpp">
      <Filter>Source Files</Filter>
    </ClCompile>
    <ClCompile Include="ThreeDee\Cameras\Camera.cpp">
      <Filter>Source Files</Filter>
    </ClCompile>
    <ClCompile Include="ThreeDee\Cameras\Pinhole.cpp">
      <Filter>Source Files</Filter>
    </ClCompile>
    <ClCompile Include="ThreeDee\Components\Color.cpp">
      <Filter>Source Files</Filter>
    </ClCompile>
    <ClCompile Include="ThreeDee\Components\Matrix.cpp">
      <Filter>Source Files</Filter>
    </ClCompile>
    <ClCompile Include="ThreeDee\Components\Vertex.cpp">
      <Filter>Source Files</Filter>
    </ClCompile>
    <ClCompile Include="ThreeDee\Objects\BBox.cpp">
      <Filter>Source Files</Filter>
    </ClCompile>
    <ClCompile Include="ThreeDee\Objects\GeometricObject.cpp">
      <Filter>Source Files</Filter>
    </ClCompile>
    <ClCompile Include="ThreeDee\Objects\Mesh.cpp">
      <Filter>Source Files</Filter>
    </ClCompile>
    <ClCompile Include="ThreeDee\Objects\MeshTriangle.cpp">
      <Filter>Source Files</Filter>
    </ClCompile>
    <ClCompile Include="ThreeDee\Objects\SphereObject.cpp">
      <Filter>Source Files</Filter>
    </ClCompile>
    <ClCompile Include="ThreeDee\RayTracer\BRDF\BRDF.cpp">
      <Filter>Source Files</Filter>
    </ClCompile>
    <ClCompile Include="ThreeDee\RayTracer\BRDF\GlossySpecular.cpp">
      <Filter>Source Files</Filter>
    </ClCompile>
    <ClCompile Include="ThreeDee\RayTracer\BRDF\Lambertian.cpp">
      <Filter>Source Files</Filter>
    </ClCompile>
    <ClCompile Include="ThreeDee\RayTracer\Lights\Ambient.cpp">
      <Filter>Source Files</Filter>
    </ClCompile>
    <ClCompile Include="ThreeDee\RayTracer\Lights\Light.cpp">
      <Filter>Source Files</Filter>
    </ClCompile>
    <ClCompile Include="ThreeDee\RayTracer\Lights\PointLight.cpp">
      <Filter>Source Files</Filter>
    </ClCompile>
    <ClCompile Include="ThreeDee\RayTracer\Materials\Material.cpp">
      <Filter>Source Files</Filter>
    </ClCompile>
    <ClCompile Include="ThreeDee\RayTracer\Materials\Matte.cpp">
      <Filter>Source Files</Filter>
    </ClCompile>
    <ClCompile Include="ThreeDee\RayTracer\Misc\Point2D.cpp">
      <Filter>Source Files</Filter>
    </ClCompile>
    <ClCompile Include="ThreeDee\RayTracer\Misc\Ray.cpp">
      <Filter>Source Files</Filter>
    </ClCompile>
    <ClCompile Include="ThreeDee\RayTracer\Misc\ShadeRec.cpp">
      <Filter>Source Files</Filter>
    </ClCompile>
    <ClCompile Include="ThreeDee\RayTracer\Samplers\Hammersley.cpp">
      <Filter>Source Files</Filter>
    </ClCompile>
    <ClCompile Include="ThreeDee\RayTracer\Samplers\Jittered.cpp">
      <Filter>Source Files</Filter>
    </ClCompile>
    <ClCompile Include="ThreeDee\RayTracer\Samplers\MultiJittered.cpp">
      <Filter>Source Files</Filter>
    </ClCompile>
    <ClCompile Include="ThreeDee\RayTracer\Samplers\NRooks.cpp">
      <Filter>Source Files</Filter>
    </ClCompile>
    <ClCompile Include="ThreeDee\RayTracer\Samplers\PureRandom.cpp">
      <Filter>Source Files</Filter>
    </ClCompile>
    <ClCompile Include="ThreeDee\RayTracer\Samplers\Regular.cpp">
      <Filter>Source Files</Filter>
    </ClCompile>
    <ClCompile Include="ThreeDee\RayTracer\Samplers\Sampler.cpp">
      <Filter>Source Files</Filter>
    </ClCompile>
    <ClCompile Include="ThreeDee\RayTracer\Tracers\Tracer.cpp">
      <Filter>Source Files</Filter>
    </ClCompile>
    <ClCompile Include="ThreeDee\RayTracer\Tracers\Whitted.cpp">
      <Filter>Source Files</Filter>
    </ClCompile>
    <ClCompile Include="ThreeDee\World\ViewPlane.cpp">
      <Filter>Source Files</Filter>
    </ClCompile>
    <ClCompile Include="ThreeDee\World\World.cpp">
      <Filter>Source Files</Filter>
    </ClCompile>
    <ClCompile Include="ThreeDee\Cameras\_ORTHOGRAPHIC.cpp">
      <Filter>Source Files</Filter>
    </ClCompile>
    <ClCompile Include="ThreeDee\RayTracer\Materials\Phong.cpp">
      <Filter>Source Files</Filter>
    </ClCompile>
    <ClCompile Include="ThreeDee\RayTracer\Materials\IridescentPhong.cpp">
      <Filter>Source Files</Filter>
    </ClCompile>
    <ClCompile Include="ThreeDee\Objects\OBJImport\OBJImporter.cpp">
      <Filter>Source Files</Filter>
    </ClCompile>
    <ClCompile Include="ThreeDee\RayTracer\BRDF\Iridescent.cpp">
      <Filter>Source Files</Filter>
    </ClCompile>
    <ClCompile Include="ThreeDee\RayTracer\Materials\MappedPhong.cpp">
      <Filter>Source Files</Filter>
    </ClCompile>
    <ClCompile Include="ThreeDee\RayTracer\BRDF\MappedLambert.cpp">
      <Filter>Source Files</Filter>
    </ClCompile>
    <ClCompile Include="ThreeDee\RayTracer\BRDF\MappedSpecular.cpp">
      <Filter>Source Files</Filter>
    </ClCompile>
  </ItemGroup>
  <ItemGroup>
    <ClInclude Include="GameCore.h">
      <Filter>Source Files</Filter>
    </ClInclude>
    <ClInclude Include="CORE\CORE.Hardware.3D.h">
      <Filter>Header Files</Filter>
    </ClInclude>
    <ClInclude Include="CORE\CORE.Hardware.Drawing.3D.h">
      <Filter>Header Files</Filter>
    </ClInclude>
    <ClInclude Include="CORE\CORE.Hardware.3D.Texture.h">
      <Filter>Header Files</Filter>
    </ClInclude>
    <ClInclude Include="GAMEOBJECTS\GameObject.h">
      <Filter>Header Files</Filter>
    </ClInclude>
    <ClInclude Include="CORE\CORE.Drawing.h">
      <Filter>Header Files</Filter>
    </ClInclude>
    <ClInclude Include="CORE\CORE.Controller.h">
      <Filter>Header Files</Filter>
    </ClInclude>
    <ClInclude Include="CORE\CORE.Animation.h">
      <Filter>Header Files</Filter>
    </ClInclude>
    <ClInclude Include="CORE\CORE.Collection.h">
      <Filter>Header Files</Filter>
    </ClInclude>
    <ClInclude Include="CORE\CORE.Collision.h">
      <Filter>Header Files</Filter>
    </ClInclude>
    <ClInclude Include="CORE\CORE.Math.h">
      <Filter>Header Files</Filter>
    </ClInclude>
    <ClInclude Include="CORE\3D\CORE.Quaternion.h">
      <Filter>Header Files</Filter>
    </ClInclude>
    <ClInclude Include="CORE\3D\CORE.Drawing.Primitives.h">
      <Filter>Header Files</Filter>
    </ClInclude>
    <ClInclude Include="CORE\3D\CORE.Matrix.h">
      <Filter>Header Files</Filter>
    </ClInclude>
    <ClInclude Include="ThreeDee\Cameras\Camera.h">
      <Filter>Header Files</Filter>
    </ClInclude>
    <ClInclude Include="ThreeDee\Cameras\Pinhole.h">
      <Filter>Header Files</Filter>
    </ClInclude>
    <ClInclude Include="ThreeDee\Components\Color.h">
      <Filter>Header Files</Filter>
    </ClInclude>
    <ClInclude Include="ThreeDee\Components\Constants.h">
      <Filter>Header Files</Filter>
    </ClInclude>
    <ClInclude Include="ThreeDee\Components\Matrix.h">
      <Filter>Header Files</Filter>
    </ClInclude>
    <ClInclude Include="ThreeDee\Components\Vertex.h">
      <Filter>Header Files</Filter>
    </ClInclude>
    <ClInclude Include="ThreeDee\Objects\BBox.h">
      <Filter>Header Files</Filter>
    </ClInclude>
    <ClInclude Include="ThreeDee\Objects\GeometricObject.h">
      <Filter>Header Files</Filter>
    </ClInclude>
    <ClInclude Include="ThreeDee\Objects\Mesh.h">
      <Filter>Header Files</Filter>
    </ClInclude>
    <ClInclude Include="ThreeDee\Objects\MeshTriangle.h">
      <Filter>Header Files</Filter>
    </ClInclude>
    <ClInclude Include="ThreeDee\Objects\SphereObject.h">
      <Filter>Header Files</Filter>
    </ClInclude>
    <ClInclude Include="ThreeDee\RayTracer\BRDF\BRDF.h">
      <Filter>Header Files</Filter>
    </ClInclude>
    <ClInclude Include="ThreeDee\RayTracer\BRDF\GlossySpecular.h">
      <Filter>Header Files</Filter>
    </ClInclude>
    <ClInclude Include="ThreeDee\RayTracer\BRDF\Lambertian.h">
      <Filter>Header Files</Filter>
    </ClInclude>
    <ClInclude Include="ThreeDee\RayTracer\Lights\Ambient.h">
      <Filter>Header Files</Filter>
    </ClInclude>
    <ClInclude Include="ThreeDee\RayTracer\Lights\Light.h">
      <Filter>Header Files</Filter>
    </ClInclude>
    <ClInclude Include="ThreeDee\RayTracer\Lights\PointLight.h">
      <Filter>Header Files</Filter>
    </ClInclude>
    <ClInclude Include="ThreeDee\RayTracer\Materials\Material.h">
      <Filter>Header Files</Filter>
    </ClInclude>
    <ClInclude Include="ThreeDee\RayTracer\Materials\Matte.h">
      <Filter>Header Files</Filter>
    </ClInclude>
    <ClInclude Include="ThreeDee\RayTracer\Misc\Point2D.h">
      <Filter>Header Files</Filter>
    </ClInclude>
    <ClInclude Include="ThreeDee\RayTracer\Misc\Ray.h">
      <Filter>Header Files</Filter>
    </ClInclude>
    <ClInclude Include="ThreeDee\RayTracer\Misc\ShadeRec.h">
      <Filter>Header Files</Filter>
    </ClInclude>
    <ClInclude Include="ThreeDee\RayTracer\Samplers\Hammersley.h">
      <Filter>Header Files</Filter>
    </ClInclude>
    <ClInclude Include="ThreeDee\RayTracer\Samplers\Jittered.h">
      <Filter>Header Files</Filter>
    </ClInclude>
    <ClInclude Include="ThreeDee\RayTracer\Samplers\MultiJittered.h">
      <Filter>Header Files</Filter>
    </ClInclude>
    <ClInclude Include="ThreeDee\RayTracer\Samplers\NRooks.h">
      <Filter>Header Files</Filter>
    </ClInclude>
    <ClInclude Include="ThreeDee\RayTracer\Samplers\PureRandom.h">
      <Filter>Header Files</Filter>
    </ClInclude>
    <ClInclude Include="ThreeDee\RayTracer\Samplers\Regular.h">
      <Filter>Header Files</Filter>
    </ClInclude>
    <ClInclude Include="ThreeDee\RayTracer\Samplers\Sampler.h">
      <Filter>Header Files</Filter>
    </ClInclude>
    <ClInclude Include="ThreeDee\RayTracer\Tracers\Tracer.h">
      <Filter>Header Files</Filter>
    </ClInclude>
    <ClInclude Include="ThreeDee\RayTracer\Tracers\Whitted.h">
      <Filter>Header Files</Filter>
    </ClInclude>
    <ClInclude Include="ThreeDee\World\ViewPlane.h">
      <Filter>Header Files</Filter>
    </ClInclude>
    <ClInclude Include="ThreeDee\World\World.h">
      <Filter>Header Files</Filter>
    </ClInclude>
    <ClInclude Include="threedee\cameras\orthographic.h">
      <Filter>Header Files</Filter>
    </ClInclude>
    <ClInclude Include="ThreeDee\RayTracer\Materials\Phong.h">
      <Filter>Header Files</Filter>
    </ClInclude>
    <ClInclude Include="ThreeDee\RayTracer\Materials\IridescentPhong.h">
      <Filter>Header Files</Filter>
    </ClInclude>
    <ClInclude Include="ThreeDee\Objects\OBJImport\OBJImporter.h">
      <Filter>Header Files</Filter>
    </ClInclude>
    <ClInclude Include="ThreeDee\RayTracer\BRDF\Iridescent.h">
      <Filter>Header Files</Filter>
    </ClInclude>
    <ClInclude Include="ThreeDee\RayTracer\Materials\MappedPhong.h">
      <Filter>Header Files</Filter>
    </ClInclude>
    <ClInclude Include="ThreeDee\RayTracer\BRDF\MappedLambert.h">
      <Filter>Header Files</Filter>
    </ClInclude>
    <ClInclude Include="ThreeDee\RayTracer\BRDF\MappedSpecular.h">
      <Filter>Header Files</Filter>
    </ClInclude>
  </ItemGroup>
  <ItemGroup>
    <None Include="OBJFiles\leatherjacket.txt" />
    <None Include="OBJFiles\teapot.txt" />
    <None Include="OBJFiles\test.txt" />
    <None Include="ImageFiles\LeatherJacket_N.png">
      <Filter>Resource Files</Filter>
    </None>
  </ItemGroup>
</Project>